
Microsoft Visual Studio Solution File, Format Version 12.00
# Visual Studio 15
VisualStudioVersion = 15.0.27130.2010
MinimumVisualStudioVersion = 10.0.40219.1
Project("{FAE04EC0-301F-11D3-BF4B-00C04F79EFBC}") = "Latihan1.Android", "Latihan1\Latihan1.Android\Latihan1.Android.csproj", "{8BEE96CD-80B5-4405-88A9-B92EC5B00411}"
EndProject
Project("{FAE04EC0-301F-11D3-BF4B-00C04F79EFBC}") = "Latihan1.iOS", "Latihan1\Latihan1.iOS\Latihan1.iOS.csproj", "{D26858D0-72D3-4CEB-84AC-F5E405E0CC4B}"
EndProject
Project("{FAE04EC0-301F-11D3-BF4B-00C04F79EFBC}") = "Latihan1", "Latihan1\Latihan1\Latihan1.csproj", "{03F152FA-0B80-40D3-98E5-87476BA7850A}"
EndProject
Global
	GlobalSection(SolutionConfigurationPlatforms) = preSolution
		Ad-Hoc|Any CPU = Ad-Hoc|Any CPU
		Ad-Hoc|iPhone = Ad-Hoc|iPhone
		Ad-Hoc|iPhoneSimulator = Ad-Hoc|iPhoneSimulator
		AppStore|Any CPU = AppStore|Any CPU
		AppStore|iPhone = AppStore|iPhone
		AppStore|iPhoneSimulator = AppStore|iPhoneSimulator
		Debug|Any CPU = Debug|Any CPU
		Debug|iPhone = Debug|iPhone
		Debug|iPhoneSimulator = Debug|iPhoneSimulator
		Release|Any CPU = Release|Any CPU
		Release|iPhone = Release|iPhone
		Release|iPhoneSimulator = Release|iPhoneSimulator
	EndGlobalSection
	GlobalSection(ProjectConfigurationPlatforms) = postSolution
		{8BEE96CD-80B5-4405-88A9-B92EC5B00411}.Ad-Hoc|Any CPU.ActiveCfg = Release|Any CPU
		{8BEE96CD-80B5-4405-88A9-B92EC5B00411}.Ad-Hoc|Any CPU.Build.0 = Release|Any CPU
		{8BEE96CD-80B5-4405-88A9-B92EC5B00411}.Ad-Hoc|Any CPU.Deploy.0 = Release|Any CPU
		{8BEE96CD-80B5-4405-88A9-B92EC5B00411}.Ad-Hoc|iPhone.ActiveCfg = Release|Any CPU
		{8BEE96CD-80B5-4405-88A9-B92EC5B00411}.Ad-Hoc|iPhone.Build.0 = Release|Any CPU
		{8BEE96CD-80B5-4405-88A9-B92EC5B00411}.Ad-Hoc|iPhone.Deploy.0 = Release|Any CPU
		{8BEE96CD-80B5-4405-88A9-B92EC5B00411}.Ad-Hoc|iPhoneSimulator.ActiveCfg = Release|Any CPU
		{8BEE96CD-80B5-4405-88A9-B92EC5B00411}.Ad-Hoc|iPhoneSimulator.Build.0 = Release|Any CPU
		{8BEE96CD-80B5-4405-88A9-B92EC5B00411}.Ad-Hoc|iPhoneSimulator.Deploy.0 = Release|Any CPU
		{8BEE96CD-80B5-4405-88A9-B92EC5B00411}.AppStore|Any CPU.ActiveCfg = Release|Any CPU
		{8BEE96CD-80B5-4405-88A9-B92EC5B00411}.AppStore|Any CPU.Build.0 = Release|Any CPU
		{8BEE96CD-80B5-4405-88A9-B92EC5B00411}.AppStore|Any CPU.Deploy.0 = Release|Any CPU
		{8BEE96CD-80B5-4405-88A9-B92EC5B00411}.AppStore|iPhone.ActiveCfg = Release|Any CPU
		{8BEE96CD-80B5-4405-88A9-B92EC5B00411}.AppStore|iPhone.Build.0 = Release|Any CPU
		{8BEE96CD-80B5-4405-88A9-B92EC5B00411}.AppStore|iPhone.Deploy.0 = Release|Any CPU
		{8BEE96CD-80B5-4405-88A9-B92EC5B00411}.AppStore|iPhoneSimulator.ActiveCfg = Release|Any CPU
		{8BEE96CD-80B5-4405-88A9-B92EC5B00411}.AppStore|iPhoneSimulator.Build.0 = Release|Any CPU
		{8BEE96CD-80B5-4405-88A9-B92EC5B00411}.AppStore|iPhoneSimulator.Deploy.0 = Release|Any CPU
		{8BEE96CD-80B5-4405-88A9-B92EC5B00411}.Debug|Any CPU.ActiveCfg = Debug|Any CPU
		{8BEE96CD-80B5-4405-88A9-B92EC5B00411}.Debug|Any CPU.Build.0 = Debug|Any CPU
		{8BEE96CD-80B5-4405-88A9-B92EC5B00411}.Debug|Any CPU.Deploy.0 = Debug|Any CPU
		{8BEE96CD-80B5-4405-88A9-B92EC5B00411}.Debug|iPhone.ActiveCfg = Debug|Any CPU
		{8BEE96CD-80B5-4405-88A9-B92EC5B00411}.Debug|iPhone.Build.0 = Debug|Any CPU
		{8BEE96CD-80B5-4405-88A9-B92EC5B00411}.Debug|iPhone.Deploy.0 = Debug|Any CPU
		{8BEE96CD-80B5-4405-88A9-B92EC5B00411}.Debug|iPhoneSimulator.ActiveCfg = Debug|Any CPU
		{8BEE96CD-80B5-4405-88A9-B92EC5B00411}.Debug|iPhoneSimulator.Build.0 = Debug|Any CPU
		{8BEE96CD-80B5-4405-88A9-B92EC5B00411}.Debug|iPhoneSimulator.Deploy.0 = Debug|Any CPU
		{8BEE96CD-80B5-4405-88A9-B92EC5B00411}.Release|Any CPU.ActiveCfg = Release|Any CPU
		{8BEE96CD-80B5-4405-88A9-B92EC5B00411}.Release|Any CPU.Build.0 = Release|Any CPU
		{8BEE96CD-80B5-4405-88A9-B92EC5B00411}.Release|Any CPU.Deploy.0 = Release|Any CPU
		{8BEE96CD-80B5-4405-88A9-B92EC5B00411}.Release|iPhone.ActiveCfg = Release|Any CPU
		{8BEE96CD-80B5-4405-88A9-B92EC5B00411}.Release|iPhone.Build.0 = Release|Any CPU
		{8BEE96CD-80B5-4405-88A9-B92EC5B00411}.Release|iPhone.Deploy.0 = Release|Any CPU
		{8BEE96CD-80B5-4405-88A9-B92EC5B00411}.Release|iPhoneSimulator.ActiveCfg = Release|Any CPU
		{8BEE96CD-80B5-4405-88A9-B92EC5B00411}.Release|iPhoneSimulator.Build.0 = Release|Any CPU
		{8BEE96CD-80B5-4405-88A9-B92EC5B00411}.Release|iPhoneSimulator.Deploy.0 = Release|Any CPU
		{D26858D0-72D3-4CEB-84AC-F5E405E0CC4B}.Ad-Hoc|Any CPU.ActiveCfg = Ad-Hoc|iPhone
		{D26858D0-72D3-4CEB-84AC-F5E405E0CC4B}.Ad-Hoc|iPhone.ActiveCfg = Ad-Hoc|iPhone
		{D26858D0-72D3-4CEB-84AC-F5E405E0CC4B}.Ad-Hoc|iPhone.Build.0 = Ad-Hoc|iPhone
		{D26858D0-72D3-4CEB-84AC-F5E405E0CC4B}.Ad-Hoc|iPhoneSimulator.ActiveCfg = Ad-Hoc|iPhoneSimulator
		{D26858D0-72D3-4CEB-84AC-F5E405E0CC4B}.Ad-Hoc|iPhoneSimulator.Build.0 = Ad-Hoc|iPhoneSimulator
		{D26858D0-72D3-4CEB-84AC-F5E405E0CC4B}.AppStore|Any CPU.ActiveCfg = AppStore|iPhone
		{D26858D0-72D3-4CEB-84AC-F5E405E0CC4B}.AppStore|iPhone.ActiveCfg = AppStore|iPhone
		{D26858D0-72D3-4CEB-84AC-F5E405E0CC4B}.AppStore|iPhone.Build.0 = AppStore|iPhone
		{D26858D0-72D3-4CEB-84AC-F5E405E0CC4B}.AppStore|iPhoneSimulator.ActiveCfg = AppStore|iPhoneSimulator
		{D26858D0-72D3-4CEB-84AC-F5E405E0CC4B}.AppStore|iPhoneSimulator.Build.0 = AppStore|iPhoneSimulator
		{D26858D0-72D3-4CEB-84AC-F5E405E0CC4B}.Debug|Any CPU.ActiveCfg = Debug|iPhone
		{D26858D0-72D3-4CEB-84AC-F5E405E0CC4B}.Debug|iPhone.ActiveCfg = Debug|iPhone
		{D26858D0-72D3-4CEB-84AC-F5E405E0CC4B}.Debug|iPhone.Build.0 = Debug|iPhone
		{D26858D0-72D3-4CEB-84AC-F5E405E0CC4B}.Debug|iPhoneSimulator.ActiveCfg = Debug|iPhoneSimulator
		{D26858D0-72D3-4CEB-84AC-F5E405E0CC4B}.Debug|iPhoneSimulator.Build.0 = Debug|iPhoneSimulator
		{D26858D0-72D3-4CEB-84AC-F5E405E0CC4B}.Release|Any CPU.ActiveCfg = Release|iPhone
		{D26858D0-72D3-4CEB-84AC-F5E405E0CC4B}.Release|iPhone.ActiveCfg = Release|iPhone
		{D26858D0-72D3-4CEB-84AC-F5E405E0CC4B}.Release|iPhone.Build.0 = Release|iPhone
		{D26858D0-72D3-4CEB-84AC-F5E405E0CC4B}.Release|iPhoneSimulator.ActiveCfg = Release|iPhoneSimulator
		{D26858D0-72D3-4CEB-84AC-F5E405E0CC4B}.Release|iPhoneSimulator.Build.0 = Release|iPhoneSimulator
		{03F152FA-0B80-40D3-98E5-87476BA7850A}.Ad-Hoc|Any CPU.ActiveCfg = Debug|Any CPU
		{03F152FA-0B80-40D3-98E5-87476BA7850A}.Ad-Hoc|Any CPU.Build.0 = Debug|Any CPU
		{03F152FA-0B80-40D3-98E5-87476BA7850A}.Ad-Hoc|iPhone.ActiveCfg = Debug|Any CPU
		{03F152FA-0B80-40D3-98E5-87476BA7850A}.Ad-Hoc|iPhone.Build.0 = Debug|Any CPU
		{03F152FA-0B80-40D3-98E5-87476BA7850A}.Ad-Hoc|iPhoneSimulator.ActiveCfg = Debug|Any CPU
		{03F152FA-0B80-40D3-98E5-87476BA7850A}.Ad-Hoc|iPhoneSimulator.Build.0 = Debug|Any CPU
		{03F152FA-0B80-40D3-98E5-87476BA7850A}.AppStore|Any CPU.ActiveCfg = Debug|Any CPU
		{03F152FA-0B80-40D3-98E5-87476BA7850A}.AppStore|Any CPU.Build.0 = Debug|Any CPU
		{03F152FA-0B80-40D3-98E5-87476BA7850A}.AppStore|iPhone.ActiveCfg = Debug|Any CPU
		{03F152FA-0B80-40D3-98E5-87476BA7850A}.AppStore|iPhone.Build.0 = Debug|Any CPU
		{03F152FA-0B80-40D3-98E5-87476BA7850A}.AppStore|iPhoneSimulator.ActiveCfg = Debug|Any CPU
		{03F152FA-0B80-40D3-98E5-87476BA7850A}.AppStore|iPhoneSimulator.Build.0 = Debug|Any CPU
		{03F152FA-0B80-40D3-98E5-87476BA7850A}.Debug|Any CPU.ActiveCfg = Debug|Any CPU
		{03F152FA-0B80-40D3-98E5-87476BA7850A}.Debug|Any CPU.Build.0 = Debug|Any CPU
		{03F152FA-0B80-40D3-98E5-87476BA7850A}.Debug|iPhone.ActiveCfg = Debug|Any CPU
		{03F152FA-0B80-40D3-98E5-87476BA7850A}.Debug|iPhone.Build.0 = Debug|Any CPU
		{03F152FA-0B80-40D3-98E5-87476BA7850A}.Debug|iPhoneSimulator.ActiveCfg = Debug|Any CPU
		{03F152FA-0B80-40D3-98E5-87476BA7850A}.Debug|iPhoneSimulator.Build.0 = Debug|Any CPU
		{03F152FA-0B80-40D3-98E5-87476BA7850A}.Release|Any CPU.ActiveCfg = Release|Any CPU
		{03F152FA-0B80-40D3-98E5-87476BA7850A}.Release|Any CPU.Build.0 = Release|Any CPU
		{03F152FA-0B80-40D3-98E5-87476BA7850A}.Release|iPhone.ActiveCfg = Release|Any CPU
		{03F152FA-0B80-40D3-98E5-87476BA7850A}.Release|iPhone.Build.0 = Release|Any CPU
		{03F152FA-0B80-40D3-98E5-87476BA7850A}.Release|iPhoneSimulator.ActiveCfg = Release|Any CPU
		{03F152FA-0B80-40D3-98E5-87476BA7850A}.Release|iPhoneSimulator.Build.0 = Release|Any CPU
	EndGlobalSection
	GlobalSection(SolutionProperties) = preSolution
		HideSolutionNode = FALSE
	EndGlobalSection
	GlobalSection(ExtensibilityGlobals) = postSolution
		SolutionGuid = {F3A54008-065F-4100-B66C-7D77B5C5DA80}
	EndGlobalSection
EndGlobal
